
Microsoft Visual Studio Solution File, Format Version 12.00
# Visual Studio Version 17
VisualStudioVersion = 17.1.32407.343
MinimumVisualStudioVersion = 10.0.40219.1
Project("{FAE04EC0-301F-11D3-BF4B-00C04F79EFBC}") = "SEI_APP", "SEI_APP\SEI_APP.csproj", "{D300EDC9-23A7-4D35-AC6F-64C2FF29E314}"
EndProject
Global
	GlobalSection(SolutionConfigurationPlatforms) = preSolution
		Debug|Any CPU = Debug|Any CPU
		Release|Any CPU = Release|Any CPU
	EndGlobalSection
	GlobalSection(ProjectConfigurationPlatforms) = postSolution
		{D300EDC9-23A7-4D35-AC6F-64C2FF29E314}.Debug|Any CPU.ActiveCfg = Debug|Any CPU
		{D300EDC9-23A7-4D35-AC6F-64C2FF29E314}.Debug|Any CPU.Build.0 = Debug|Any CPU
		{D300EDC9-23A7-4D35-AC6F-64C2FF29E314}.Release|Any CPU.ActiveCfg = Release|Any CPU
		{D300EDC9-23A7-4D35-AC6F-64C2FF29E314}.Release|Any CPU.Build.0 = Release|Any CPU
	EndGlobalSection
	GlobalSection(SolutionProperties) = preSolution
		HideSolutionNode = FALSE
	EndGlobalSection
	GlobalSection(ExtensibilityGlobals) = postSolution
		SolutionGuid = {303FE859-F7CD-49CA-B9CB-41D49D859974}
	EndGlobalSection
EndGlobal
